
Microsoft Visual Studio Solution File, Format Version 12.00
# Visual Studio Version 16
VisualStudioVersion = 16.0.31105.61
MinimumVisualStudioVersion = 10.0.40219.1
Project("{9A19103F-16F7-4668-BE54-9A1E7A4F7556}") = "DescentIntoMadness", "projektGra\DescentIntoMadness.csproj", "{4BD015E6-D3EC-4E1D-9000-299110CE3003}"
EndProject
Global
	GlobalSection(SolutionConfigurationPlatforms) = preSolution
		Debug|Any CPU = Debug|Any CPU
		Release|Any CPU = Release|Any CPU
	EndGlobalSection
	GlobalSection(ProjectConfigurationPlatforms) = postSolution
		{4BD015E6-D3EC-4E1D-9000-299110CE3003}.Debug|Any CPU.ActiveCfg = Debug|Any CPU
		{4BD015E6-D3EC-4E1D-9000-299110CE3003}.Debug|Any CPU.Build.0 = Debug|Any CPU
		{4BD015E6-D3EC-4E1D-9000-299110CE3003}.Release|Any CPU.ActiveCfg = Release|Any CPU
		{4BD015E6-D3EC-4E1D-9000-299110CE3003}.Release|Any CPU.Build.0 = Release|Any CPU
	EndGlobalSection
	GlobalSection(SolutionProperties) = preSolution
		HideSolutionNode = FALSE
	EndGlobalSection
	GlobalSection(ExtensibilityGlobals) = postSolution
		SolutionGuid = {9201CDEC-6557-4BA5-874A-9F449FFEA459}
	EndGlobalSection
EndGlobal
